
Microsoft Visual Studio Solution File, Format Version 12.00
# Visual Studio Version 16
VisualStudioVersion = 16.0.29613.14
MinimumVisualStudioVersion = 10.0.40219.1
Project("{9A19103F-16F7-4668-BE54-9A1E7A4F7556}") = "ProjectDataService", "ProjectDataService\ProjectDataService.csproj", "{844E25AE-70C0-422D-B64F-DA62269A2331}"
EndProject
Global
	GlobalSection(SolutionConfigurationPlatforms) = preSolution
		Debug|Any CPU = Debug|Any CPU
		Release|Any CPU = Release|Any CPU
	EndGlobalSection
	GlobalSection(ProjectConfigurationPlatforms) = postSolution
		{844E25AE-70C0-422D-B64F-DA62269A2331}.Debug|Any CPU.ActiveCfg = Debug|Any CPU
		{844E25AE-70C0-422D-B64F-DA62269A2331}.Debug|Any CPU.Build.0 = Debug|Any CPU
		{844E25AE-70C0-422D-B64F-DA62269A2331}.Release|Any CPU.ActiveCfg = Release|Any CPU
		{844E25AE-70C0-422D-B64F-DA62269A2331}.Release|Any CPU.Build.0 = Release|Any CPU
	EndGlobalSection
	GlobalSection(SolutionProperties) = preSolution
		HideSolutionNode = FALSE
	EndGlobalSection
	GlobalSection(ExtensibilityGlobals) = postSolution
		SolutionGuid = {E14A3539-4C20-42E7-A0C9-38503E044033}
	EndGlobalSection
EndGlobal
